
Microsoft Visual Studio Solution File, Format Version 12.00
# Visual Studio 15
VisualStudioVersion = 15.0.27703.2042
MinimumVisualStudioVersion = 10.0.40219.1
Project("{9A19103F-16F7-4668-BE54-9A1E7A4F7556}") = "TheHiProgram", "TheHiProgram\TheHiProgram.csproj", "{E3301429-65FC-49AD-B758-B89FA621EFA7}"
EndProject
Project("{9A19103F-16F7-4668-BE54-9A1E7A4F7556}") = "AgeAfter10Years", "AgeAfter10Years\AgeAfter10Years.csproj", "{E11ECB1E-EF44-4877-8F59-631D527AE709}"
EndProject
Project("{9A19103F-16F7-4668-BE54-9A1E7A4F7556}") = "TheUniqueNumber", "TheUniqueNumber\TheUniqueNumber.csproj", "{85EAE73F-9B0A-4906-AC7C-688366454570}"
EndProject
Project("{2150E333-8FDC-42A3-9474-1A3956D46DE8}") = "Week2", "Week2", "{6A4E618A-BBD2-46BA-92C7-0BC7237D1A2C}"
EndProject
Project("{9A19103F-16F7-4668-BE54-9A1E7A4F7556}") = "Travel2TheSunWithSoundSpeedInWater", "Travel2TheSunWithSoundSpeedInWater\Travel2TheSunWithSoundSpeedInWater.csproj", "{BFBC39DB-262D-4747-86B0-6598B2F97426}"
EndProject
Project("{9A19103F-16F7-4668-BE54-9A1E7A4F7556}") = "4thDigit", "4thDigit\4thDigit.csproj", "{AC86FE8E-4FBA-4651-8C41-96E60569A334}"
EndProject
Project("{9A19103F-16F7-4668-BE54-9A1E7A4F7556}") = "CalculateWightInTheSolarSystem", "CalculateWightInTheSolarSystem\CalculateWightInTheSolarSystem.csproj", "{4E5BED5E-71D2-4806-9C87-5F2C744C8879}"
EndProject
Project("{9A19103F-16F7-4668-BE54-9A1E7A4F7556}") = "DecartCoordinates", "DecartCoordinates\DecartCoordinates.csproj", "{7172902B-C437-40EB-99BF-AD68AF6A2F73}"
EndProject
Project("{9A19103F-16F7-4668-BE54-9A1E7A4F7556}") = "TravelingToSunWithSoundSpeed", "TravelingToSunWithSoundSpeed\TravelingToSunWithSoundSpeed.csproj", "{E66FFD50-0D2F-4FCC-ADCD-A29A7D3AD37E}"
EndProject
Project("{2150E333-8FDC-42A3-9474-1A3956D46DE8}") = "Week1", "Week1", "{D886BDB7-30AD-4FAB-87E5-8BC331645901}"
EndProject
Project("{2150E333-8FDC-42A3-9474-1A3956D46DE8}") = "Week3", "Week3", "{38410212-F92B-44E1-9374-37C9F0D7C2DB}"
EndProject
Project("{9A19103F-16F7-4668-BE54-9A1E7A4F7556}") = "BusTicketLuckyNumbers", "BusTicketLuckyNumbers\BusTicketLuckyNumbers.csproj", "{57CB0B1E-252A-4B08-A5D2-549E3DF1AE71}"
EndProject
Project("{9A19103F-16F7-4668-BE54-9A1E7A4F7556}") = "SimpleDeckOfCards", "SimpleDeckOfCards\SimpleDeckOfCards.csproj", "{A093F2FC-213A-4FFE-A763-2ADB8A58901F}"
EndProject
Project("{9A19103F-16F7-4668-BE54-9A1E7A4F7556}") = "MiserPiggy", "MiserPiggy\MiserPiggy.csproj", "{B8908DDB-447A-457E-A44F-0538FAD5BFB6}"
EndProject
Project("{2150E333-8FDC-42A3-9474-1A3956D46DE8}") = "week6", "week6", "{D0B3CE8F-9868-4D55-9672-45A1CB15B225}"
EndProject
Project("{9A19103F-16F7-4668-BE54-9A1E7A4F7556}") = "GetMax", "GetMax\GetMax.csproj", "{652211BF-024E-4EAE-827F-23818823C199}"
EndProject
Project("{9A19103F-16F7-4668-BE54-9A1E7A4F7556}") = "GeometryCalculator", "GeometryCalculator\GeometryCalculator.csproj", "{57D180BF-BF15-47FC-9ECC-5429AA9A4E95}"
EndProject
Project("{FAE04EC0-301F-11D3-BF4B-00C04F79EFBC}") = "studentsNameCalculations", "studentsNameCalculations\studentsNameCalculations.csproj", "{3C5D5FE8-1750-40C2-A5E2-4C02A161599A}"
EndProject
Global
	GlobalSection(SolutionConfigurationPlatforms) = preSolution
		Debug|Any CPU = Debug|Any CPU
		Release|Any CPU = Release|Any CPU
	EndGlobalSection
	GlobalSection(ProjectConfigurationPlatforms) = postSolution
		{E3301429-65FC-49AD-B758-B89FA621EFA7}.Debug|Any CPU.ActiveCfg = Debug|Any CPU
		{E3301429-65FC-49AD-B758-B89FA621EFA7}.Debug|Any CPU.Build.0 = Debug|Any CPU
		{E3301429-65FC-49AD-B758-B89FA621EFA7}.Release|Any CPU.ActiveCfg = Release|Any CPU
		{E3301429-65FC-49AD-B758-B89FA621EFA7}.Release|Any CPU.Build.0 = Release|Any CPU
		{E11ECB1E-EF44-4877-8F59-631D527AE709}.Debug|Any CPU.ActiveCfg = Debug|Any CPU
		{E11ECB1E-EF44-4877-8F59-631D527AE709}.Debug|Any CPU.Build.0 = Debug|Any CPU
		{E11ECB1E-EF44-4877-8F59-631D527AE709}.Release|Any CPU.ActiveCfg = Release|Any CPU
		{E11ECB1E-EF44-4877-8F59-631D527AE709}.Release|Any CPU.Build.0 = Release|Any CPU
		{85EAE73F-9B0A-4906-AC7C-688366454570}.Debug|Any CPU.ActiveCfg = Debug|Any CPU
		{85EAE73F-9B0A-4906-AC7C-688366454570}.Debug|Any CPU.Build.0 = Debug|Any CPU
		{85EAE73F-9B0A-4906-AC7C-688366454570}.Release|Any CPU.ActiveCfg = Release|Any CPU
		{85EAE73F-9B0A-4906-AC7C-688366454570}.Release|Any CPU.Build.0 = Release|Any CPU
		{BFBC39DB-262D-4747-86B0-6598B2F97426}.Debug|Any CPU.ActiveCfg = Debug|Any CPU
		{BFBC39DB-262D-4747-86B0-6598B2F97426}.Debug|Any CPU.Build.0 = Debug|Any CPU
		{BFBC39DB-262D-4747-86B0-6598B2F97426}.Release|Any CPU.ActiveCfg = Release|Any CPU
		{BFBC39DB-262D-4747-86B0-6598B2F97426}.Release|Any CPU.Build.0 = Release|Any CPU
		{AC86FE8E-4FBA-4651-8C41-96E60569A334}.Debug|Any CPU.ActiveCfg = Debug|Any CPU
		{AC86FE8E-4FBA-4651-8C41-96E60569A334}.Debug|Any CPU.Build.0 = Debug|Any CPU
		{AC86FE8E-4FBA-4651-8C41-96E60569A334}.Release|Any CPU.ActiveCfg = Release|Any CPU
		{AC86FE8E-4FBA-4651-8C41-96E60569A334}.Release|Any CPU.Build.0 = Release|Any CPU
		{4E5BED5E-71D2-4806-9C87-5F2C744C8879}.Debug|Any CPU.ActiveCfg = Debug|Any CPU
		{4E5BED5E-71D2-4806-9C87-5F2C744C8879}.Debug|Any CPU.Build.0 = Debug|Any CPU
		{4E5BED5E-71D2-4806-9C87-5F2C744C8879}.Release|Any CPU.ActiveCfg = Release|Any CPU
		{4E5BED5E-71D2-4806-9C87-5F2C744C8879}.Release|Any CPU.Build.0 = Release|Any CPU
		{7172902B-C437-40EB-99BF-AD68AF6A2F73}.Debug|Any CPU.ActiveCfg = Debug|Any CPU
		{7172902B-C437-40EB-99BF-AD68AF6A2F73}.Debug|Any CPU.Build.0 = Debug|Any CPU
		{7172902B-C437-40EB-99BF-AD68AF6A2F73}.Release|Any CPU.ActiveCfg = Release|Any CPU
		{7172902B-C437-40EB-99BF-AD68AF6A2F73}.Release|Any CPU.Build.0 = Release|Any CPU
		{E66FFD50-0D2F-4FCC-ADCD-A29A7D3AD37E}.Debug|Any CPU.ActiveCfg = Debug|Any CPU
		{E66FFD50-0D2F-4FCC-ADCD-A29A7D3AD37E}.Debug|Any CPU.Build.0 = Debug|Any CPU
		{E66FFD50-0D2F-4FCC-ADCD-A29A7D3AD37E}.Release|Any CPU.ActiveCfg = Release|Any CPU
		{E66FFD50-0D2F-4FCC-ADCD-A29A7D3AD37E}.Release|Any CPU.Build.0 = Release|Any CPU
		{57CB0B1E-252A-4B08-A5D2-549E3DF1AE71}.Debug|Any CPU.ActiveCfg = Debug|Any CPU
		{57CB0B1E-252A-4B08-A5D2-549E3DF1AE71}.Debug|Any CPU.Build.0 = Debug|Any CPU
		{57CB0B1E-252A-4B08-A5D2-549E3DF1AE71}.Release|Any CPU.ActiveCfg = Release|Any CPU
		{57CB0B1E-252A-4B08-A5D2-549E3DF1AE71}.Release|Any CPU.Build.0 = Release|Any CPU
		{A093F2FC-213A-4FFE-A763-2ADB8A58901F}.Debug|Any CPU.ActiveCfg = Debug|Any CPU
		{A093F2FC-213A-4FFE-A763-2ADB8A58901F}.Debug|Any CPU.Build.0 = Debug|Any CPU
		{A093F2FC-213A-4FFE-A763-2ADB8A58901F}.Release|Any CPU.ActiveCfg = Release|Any CPU
		{A093F2FC-213A-4FFE-A763-2ADB8A58901F}.Release|Any CPU.Build.0 = Release|Any CPU
		{B8908DDB-447A-457E-A44F-0538FAD5BFB6}.Debug|Any CPU.ActiveCfg = Debug|Any CPU
		{B8908DDB-447A-457E-A44F-0538FAD5BFB6}.Debug|Any CPU.Build.0 = Debug|Any CPU
		{B8908DDB-447A-457E-A44F-0538FAD5BFB6}.Release|Any CPU.ActiveCfg = Release|Any CPU
		{B8908DDB-447A-457E-A44F-0538FAD5BFB6}.Release|Any CPU.Build.0 = Release|Any CPU
		{652211BF-024E-4EAE-827F-23818823C199}.Debug|Any CPU.ActiveCfg = Debug|Any CPU
		{652211BF-024E-4EAE-827F-23818823C199}.Debug|Any CPU.Build.0 = Debug|Any CPU
		{652211BF-024E-4EAE-827F-23818823C199}.Release|Any CPU.ActiveCfg = Release|Any CPU
		{652211BF-024E-4EAE-827F-23818823C199}.Release|Any CPU.Build.0 = Release|Any CPU
		{57D180BF-BF15-47FC-9ECC-5429AA9A4E95}.Debug|Any CPU.ActiveCfg = Debug|Any CPU
		{57D180BF-BF15-47FC-9ECC-5429AA9A4E95}.Debug|Any CPU.Build.0 = Debug|Any CPU
		{57D180BF-BF15-47FC-9ECC-5429AA9A4E95}.Release|Any CPU.ActiveCfg = Release|Any CPU
		{57D180BF-BF15-47FC-9ECC-5429AA9A4E95}.Release|Any CPU.Build.0 = Release|Any CPU
		{3C5D5FE8-1750-40C2-A5E2-4C02A161599A}.Debug|Any CPU.ActiveCfg = Debug|Any CPU
		{3C5D5FE8-1750-40C2-A5E2-4C02A161599A}.Debug|Any CPU.Build.0 = Debug|Any CPU
		{3C5D5FE8-1750-40C2-A5E2-4C02A161599A}.Release|Any CPU.ActiveCfg = Release|Any CPU
		{3C5D5FE8-1750-40C2-A5E2-4C02A161599A}.Release|Any CPU.Build.0 = Release|Any CPU
	EndGlobalSection
	GlobalSection(SolutionProperties) = preSolution
		HideSolutionNode = FALSE
	EndGlobalSection
	GlobalSection(NestedProjects) = preSolution
		{E3301429-65FC-49AD-B758-B89FA621EFA7} = {D886BDB7-30AD-4FAB-87E5-8BC331645901}
		{E11ECB1E-EF44-4877-8F59-631D527AE709} = {D886BDB7-30AD-4FAB-87E5-8BC331645901}
		{85EAE73F-9B0A-4906-AC7C-688366454570} = {D886BDB7-30AD-4FAB-87E5-8BC331645901}
		{BFBC39DB-262D-4747-86B0-6598B2F97426} = {6A4E618A-BBD2-46BA-92C7-0BC7237D1A2C}
		{AC86FE8E-4FBA-4651-8C41-96E60569A334} = {6A4E618A-BBD2-46BA-92C7-0BC7237D1A2C}
		{4E5BED5E-71D2-4806-9C87-5F2C744C8879} = {6A4E618A-BBD2-46BA-92C7-0BC7237D1A2C}
		{7172902B-C437-40EB-99BF-AD68AF6A2F73} = {6A4E618A-BBD2-46BA-92C7-0BC7237D1A2C}
		{E66FFD50-0D2F-4FCC-ADCD-A29A7D3AD37E} = {6A4E618A-BBD2-46BA-92C7-0BC7237D1A2C}
		{57CB0B1E-252A-4B08-A5D2-549E3DF1AE71} = {38410212-F92B-44E1-9374-37C9F0D7C2DB}
		{A093F2FC-213A-4FFE-A763-2ADB8A58901F} = {38410212-F92B-44E1-9374-37C9F0D7C2DB}
		{B8908DDB-447A-457E-A44F-0538FAD5BFB6} = {38410212-F92B-44E1-9374-37C9F0D7C2DB}
		{652211BF-024E-4EAE-827F-23818823C199} = {D0B3CE8F-9868-4D55-9672-45A1CB15B225}
		{57D180BF-BF15-47FC-9ECC-5429AA9A4E95} = {D0B3CE8F-9868-4D55-9672-45A1CB15B225}
		{3C5D5FE8-1750-40C2-A5E2-4C02A161599A} = {D0B3CE8F-9868-4D55-9672-45A1CB15B225}
	EndGlobalSection
	GlobalSection(ExtensibilityGlobals) = postSolution
		SolutionGuid = {A50BE1AF-D107-456D-82B1-D01A2ACDF6B4}
	EndGlobalSection
EndGlobal
